// !$*UTF8*$!
{
	archiveVersion = 1;
	classes = {
	};
	objectVersion = 46;
	objects = {

/* Begin PBXBuildFile section */
		0014CCA71DCA081700FA7DB1 /* libsqlite3.tbd in Frameworks */ = {isa = PBXBuildFile; fileRef = 0014CCA61DCA081700FA7DB1 /* libsqlite3.tbd */; };
		0042CD221DE42F6C00E1ED10 /* AsyncKladrComboBox.m in Sources */ = {isa = PBXBuildFile; fileRef = 0042CD211DE42F6C00E1ED10 /* AsyncKladrComboBox.m */; };
		00566FBD1DD718CD00BAF70E /* KladrORM.m in Sources */ = {isa = PBXBuildFile; fileRef = 00566FBC1DD718CD00BAF70E /* KladrORM.m */; };
		00566FCB1DD7198D00BAF70E /* House.m in Sources */ = {isa = PBXBuildFile; fileRef = 00566FBF1DD7198D00BAF70E /* House.m */; };
		00566FCC1DD7198D00BAF70E /* KladrObject.m in Sources */ = {isa = PBXBuildFile; fileRef = 00566FC21DD7198D00BAF70E /* KladrObject.m */; };
		00566FCD1DD7198D00BAF70E /* LocationType.m in Sources */ = {isa = PBXBuildFile; fileRef = 00566FC41DD7198D00BAF70E /* LocationType.m */; };
		00566FCE1DD7198D00BAF70E /* Region.m in Sources */ = {isa = PBXBuildFile; fileRef = 00566FC61DD7198D00BAF70E /* Region.m */; };
		00566FCF1DD7198D00BAF70E /* Street.m in Sources */ = {isa = PBXBuildFile; fileRef = 00566FC81DD7198D00BAF70E /* Street.m */; };
		00566FD01DD7198D00BAF70E /* Town.m in Sources */ = {isa = PBXBuildFile; fileRef = 00566FCA1DD7198D00BAF70E /* Town.m */; };
		00566FD41DD7384100BAF70E /* KladrIndex.m in Sources */ = {isa = PBXBuildFile; fileRef = 00566FD31DD7384100BAF70E /* KladrIndex.m */; };
		0083FDC61DD74F170069A95F /* kladr.sqlite in Resources */ = {isa = PBXBuildFile; fileRef = 00566FD51DD74ADE00BAF70E /* kladr.sqlite */; };
		008922321DC9E8CA008CC7A0 /* AppDelegate.m in Sources */ = {isa = PBXBuildFile; fileRef = 008922311DC9E8CA008CC7A0 /* AppDelegate.m */; };
		008922351DC9E8CA008CC7A0 /* main.m in Sources */ = {isa = PBXBuildFile; fileRef = 008922341DC9E8CA008CC7A0 /* main.m */; };
		008922371DC9E8CA008CC7A0 /* Assets.xcassets in Resources */ = {isa = PBXBuildFile; fileRef = 008922361DC9E8CA008CC7A0 /* Assets.xcassets */; };
		0089223A1DC9E8CA008CC7A0 /* MainMenu.xib in Resources */ = {isa = PBXBuildFile; fileRef = 008922381DC9E8CA008CC7A0 /* MainMenu.xib */; };
		008922451DC9E8CB008CC7A0 /* KLADRTests.m in Sources */ = {isa = PBXBuildFile; fileRef = 008922441DC9E8CB008CC7A0 /* KLADRTests.m */; };
		008922501DC9E8CB008CC7A0 /* KLADRUITests.m in Sources */ = {isa = PBXBuildFile; fileRef = 0089224F1DC9E8CB008CC7A0 /* KLADRUITests.m */; };
		0089225F1DC9F0A9008CC7A0 /* MainViewController.m in Sources */ = {isa = PBXBuildFile; fileRef = 0089225E1DC9F0A9008CC7A0 /* MainViewController.m */; };
		00A404A31DDB27BA00229051 /* KladrDataView.m in Sources */ = {isa = PBXBuildFile; fileRef = 00A404A11DDB27BA00229051 /* KladrDataView.m */; };
		00A404A41DDB27BA00229051 /* KladrDataView.xib in Resources */ = {isa = PBXBuildFile; fileRef = 00A404A21DDB27BA00229051 /* KladrDataView.xib */; };
		00D274281DDB14E9009A1DBA /* District.m in Sources */ = {isa = PBXBuildFile; fileRef = 00D274271DDB14E8009A1DBA /* District.m */; };
		00FA36201DDC66D800D47F71 /* CustomXibView.m in Sources */ = {isa = PBXBuildFile; fileRef = 00FA361F1DDC66D800D47F71 /* CustomXibView.m */; };
		ABE5C7FEF611E48BF6DE49DC /* libPods-KLADR.a in Frameworks */ = {isa = PBXBuildFile; fileRef = 2CD4AEF1D134918805F68F3B /* libPods-KLADR.a */; };
/* End PBXBuildFile section */

/* Begin PBXContainerItemProxy section */
		008922411DC9E8CB008CC7A0 /* PBXContainerItemProxy */ = {
			isa = PBXContainerItemProxy;
			containerPortal = 008922251DC9E8C9008CC7A0 /* Project object */;
			proxyType = 1;
			remoteGlobalIDString = 0089222C1DC9E8CA008CC7A0;
			remoteInfo = KLADR;
		};
		0089224C1DC9E8CB008CC7A0 /* PBXContainerItemProxy */ = {
			isa = PBXContainerItemProxy;
			containerPortal = 008922251DC9E8C9008CC7A0 /* Project object */;
			proxyType = 1;
			remoteGlobalIDString = 0089222C1DC9E8CA008CC7A0;
			remoteInfo = KLADR;
		};
/* End PBXContainerItemProxy section */

/* Begin PBXFileReference section */
		0014CCA61DCA081700FA7DB1 /* libsqlite3.tbd */ = {isa = PBXFileReference; lastKnownFileType = "sourcecode.text-based-dylib-definition"; name = libsqlite3.tbd; path = usr/lib/libsqlite3.tbd; sourceTree = SDKROOT; };
		0042CD201DE42F6C00E1ED10 /* AsyncKladrComboBox.h */ = {isa = PBXFileReference; fileEncoding = 4; lastKnownFileType = sourcecode.c.h; name = AsyncKladrComboBox.h; path = Views/Elements/AsyncKladrComboBox.h; sourceTree = "<group>"; };
		0042CD211DE42F6C00E1ED10 /* AsyncKladrComboBox.m */ = {isa = PBXFileReference; fileEncoding = 4; lastKnownFileType = sourcecode.c.objc; name = AsyncKladrComboBox.m; path = Views/Elements/AsyncKladrComboBox.m; sourceTree = "<group>"; };
		00501BE21DD37A040021A3C5 /* KLADR.entitlements */ = {isa = PBXFileReference; lastKnownFileType = text.plist.entitlements; path = KLADR.entitlements; sourceTree = "<group>"; };
		00566FBB1DD718CD00BAF70E /* KladrORM.h */ = {isa = PBXFileReference; fileEncoding = 4; lastKnownFileType = sourcecode.c.h; name = KladrORM.h; path = KLADR/ORM/KladrORM.h; sourceTree = "<group>"; };
		00566FBC1DD718CD00BAF70E /* KladrORM.m */ = {isa = PBXFileReference; fileEncoding = 4; lastKnownFileType = sourcecode.c.objc; name = KladrORM.m; path = KLADR/ORM/KladrORM.m; sourceTree = "<group>"; };
		00566FBE1DD7198D00BAF70E /* House.h */ = {isa = PBXFileReference; fileEncoding = 4; lastKnownFileType = sourcecode.c.h; name = House.h; path = Models/House.h; sourceTree = "<group>"; };
		00566FBF1DD7198D00BAF70E /* House.m */ = {isa = PBXFileReference; fileEncoding = 4; lastKnownFileType = sourcecode.c.objc; name = House.m; path = Models/House.m; sourceTree = "<group>"; };
		00566FC01DD7198D00BAF70E /* KladrModels.h */ = {isa = PBXFileReference; fileEncoding = 4; lastKnownFileType = sourcecode.c.h; name = KladrModels.h; path = Models/KladrModels.h; sourceTree = "<group>"; };
		00566FC11DD7198D00BAF70E /* KladrObject.h */ = {isa = PBXFileReference; fileEncoding = 4; lastKnownFileType = sourcecode.c.h; name = KladrObject.h; path = Models/KladrObject.h; sourceTree = "<group>"; };
		00566FC21DD7198D00BAF70E /* KladrObject.m */ = {isa = PBXFileReference; fileEncoding = 4; lastKnownFileType = sourcecode.c.objc; name = KladrObject.m; path = Models/KladrObject.m; sourceTree = "<group>"; };
		00566FC31DD7198D00BAF70E /* LocationType.h */ = {isa = PBXFileReference; fileEncoding = 4; lastKnownFileType = sourcecode.c.h; name = LocationType.h; path = Models/LocationType.h; sourceTree = "<group>"; };
		00566FC41DD7198D00BAF70E /* LocationType.m */ = {isa = PBXFileReference; fileEncoding = 4; lastKnownFileType = sourcecode.c.objc; name = LocationType.m; path = Models/LocationType.m; sourceTree = "<group>"; };
		00566FC51DD7198D00BAF70E /* Region.h */ = {isa = PBXFileReference; fileEncoding = 4; lastKnownFileType = sourcecode.c.h; name = Region.h; path = Models/Region.h; sourceTree = "<group>"; };
		00566FC61DD7198D00BAF70E /* Region.m */ = {isa = PBXFileReference; fileEncoding = 4; lastKnownFileType = sourcecode.c.objc; name = Region.m; path = Models/Region.m; sourceTree = "<group>"; };
		00566FC71DD7198D00BAF70E /* Street.h */ = {isa = PBXFileReference; fileEncoding = 4; lastKnownFileType = sourcecode.c.h; name = Street.h; path = Models/Street.h; sourceTree = "<group>"; };
		00566FC81DD7198D00BAF70E /* Street.m */ = {isa = PBXFileReference; fileEncoding = 4; lastKnownFileType = sourcecode.c.objc; name = Street.m; path = Models/Street.m; sourceTree = "<group>"; };
		00566FC91DD7198D00BAF70E /* Town.h */ = {isa = PBXFileReference; fileEncoding = 4; lastKnownFileType = sourcecode.c.h; name = Town.h; path = Models/Town.h; sourceTree = "<group>"; };
		00566FCA1DD7198D00BAF70E /* Town.m */ = {isa = PBXFileReference; fileEncoding = 4; lastKnownFileType = sourcecode.c.objc; name = Town.m; path = Models/Town.m; sourceTree = "<group>"; };
		00566FD21DD7384100BAF70E /* KladrIndex.h */ = {isa = PBXFileReference; fileEncoding = 4; lastKnownFileType = sourcecode.c.h; name = KladrIndex.h; path = Indexer/KladrIndex.h; sourceTree = "<group>"; };
		00566FD31DD7384100BAF70E /* KladrIndex.m */ = {isa = PBXFileReference; fileEncoding = 4; lastKnownFileType = sourcecode.c.objc; name = KladrIndex.m; path = Indexer/KladrIndex.m; sourceTree = "<group>"; };
		00566FD51DD74ADE00BAF70E /* kladr.sqlite */ = {isa = PBXFileReference; lastKnownFileType = file; name = kladr.sqlite; path = ../../kladr.sqlite; sourceTree = "<group>"; };
		0089222D1DC9E8CA008CC7A0 /* KLADR.app */ = {isa = PBXFileReference; explicitFileType = wrapper.application; includeInIndex = 0; path = KLADR.app; sourceTree = BUILT_PRODUCTS_DIR; };
		008922301DC9E8CA008CC7A0 /* AppDelegate.h */ = {isa = PBXFileReference; lastKnownFileType = sourcecode.c.h; path = AppDelegate.h; sourceTree = "<group>"; };
		008922311DC9E8CA008CC7A0 /* AppDelegate.m */ = {isa = PBXFileReference; lastKnownFileType = sourcecode.c.objc; path = AppDelegate.m; sourceTree = "<group>"; };
		008922341DC9E8CA008CC7A0 /* main.m */ = {isa = PBXFileReference; lastKnownFileType = sourcecode.c.objc; path = main.m; sourceTree = "<group>"; };
		008922361DC9E8CA008CC7A0 /* Assets.xcassets */ = {isa = PBXFileReference; lastKnownFileType = folder.assetcatalog; path = Assets.xcassets; sourceTree = "<group>"; };
		008922391DC9E8CA008CC7A0 /* Base */ = {isa = PBXFileReference; lastKnownFileType = file.xib; name = Base; path = Base.lproj/MainMenu.xib; sourceTree = "<group>"; };
		0089223B1DC9E8CA008CC7A0 /* Info.plist */ = {isa = PBXFileReference; lastKnownFileType = text.plist.xml; path = Info.plist; sourceTree = "<group>"; };
		008922401DC9E8CB008CC7A0 /* KLADRTests.xctest */ = {isa = PBXFileReference; explicitFileType = wrapper.cfbundle; includeInIndex = 0; path = KLADRTests.xctest; sourceTree = BUILT_PRODUCTS_DIR; };
		008922441DC9E8CB008CC7A0 /* KLADRTests.m */ = {isa = PBXFileReference; lastKnownFileType = sourcecode.c.objc; path = KLADRTests.m; sourceTree = "<group>"; };
		008922461DC9E8CB008CC7A0 /* Info.plist */ = {isa = PBXFileReference; lastKnownFileType = text.plist.xml; path = Info.plist; sourceTree = "<group>"; };
		0089224B1DC9E8CB008CC7A0 /* KLADRUITests.xctest */ = {isa = PBXFileReference; explicitFileType = wrapper.cfbundle; includeInIndex = 0; path = KLADRUITests.xctest; sourceTree = BUILT_PRODUCTS_DIR; };
		0089224F1DC9E8CB008CC7A0 /* KLADRUITests.m */ = {isa = PBXFileReference; lastKnownFileType = sourcecode.c.objc; path = KLADRUITests.m; sourceTree = "<group>"; };
		008922511DC9E8CB008CC7A0 /* Info.plist */ = {isa = PBXFileReference; lastKnownFileType = text.plist.xml; path = Info.plist; sourceTree = "<group>"; };
		0089225D1DC9F0A9008CC7A0 /* MainViewController.h */ = {isa = PBXFileReference; fileEncoding = 4; lastKnownFileType = sourcecode.c.h; path = MainViewController.h; sourceTree = "<group>"; };
		0089225E1DC9F0A9008CC7A0 /* MainViewController.m */ = {isa = PBXFileReference; fileEncoding = 4; lastKnownFileType = sourcecode.c.objc; path = MainViewController.m; sourceTree = "<group>"; };
		00A404A01DDB27BA00229051 /* KladrDataView.h */ = {isa = PBXFileReference; fileEncoding = 4; lastKnownFileType = sourcecode.c.h; name = KladrDataView.h; path = Views/KladrDataView.h; sourceTree = "<group>"; };
		00A404A11DDB27BA00229051 /* KladrDataView.m */ = {isa = PBXFileReference; fileEncoding = 4; lastKnownFileType = sourcecode.c.objc; name = KladrDataView.m; path = Views/KladrDataView.m; sourceTree = "<group>"; };
		00A404A21DDB27BA00229051 /* KladrDataView.xib */ = {isa = PBXFileReference; fileEncoding = 4; lastKnownFileType = file.xib; name = KladrDataView.xib; path = Views/KladrDataView.xib; sourceTree = "<group>"; };
		00D274261DDB14E8009A1DBA /* District.h */ = {isa = PBXFileReference; fileEncoding = 4; lastKnownFileType = sourcecode.c.h; name = District.h; path = Models/District.h; sourceTree = "<group>"; };
		00D274271DDB14E8009A1DBA /* District.m */ = {isa = PBXFileReference; fileEncoding = 4; lastKnownFileType = sourcecode.c.objc; name = District.m; path = Models/District.m; sourceTree = "<group>"; };
		00D2742C1DDB163F009A1DBA /* KladrObject+Protected.h */ = {isa = PBXFileReference; fileEncoding = 4; lastKnownFileType = sourcecode.c.h; name = "KladrObject+Protected.h"; path = "Models/KladrObject+Protected.h"; sourceTree = "<group>"; };
		00FA361E1DDC66D800D47F71 /* CustomXibView.h */ = {isa = PBXFileReference; fileEncoding = 4; lastKnownFileType = sourcecode.c.h; path = CustomXibView.h; sourceTree = "<group>"; };
		00FA361F1DDC66D800D47F71 /* CustomXibView.m */ = {isa = PBXFileReference; fileEncoding = 4; lastKnownFileType = sourcecode.c.objc; path = CustomXibView.m; sourceTree = "<group>"; };
		2CD4AEF1D134918805F68F3B /* libPods-KLADR.a */ = {isa = PBXFileReference; explicitFileType = archive.ar; includeInIndex = 0; path = "libPods-KLADR.a"; sourceTree = BUILT_PRODUCTS_DIR; };
		F92A38B1ED87CABE430CC306 /* Pods-KLADR.debug.xcconfig */ = {isa = PBXFileReference; includeInIndex = 1; lastKnownFileType = text.xcconfig; name = "Pods-KLADR.debug.xcconfig"; path = "Pods/Target Support Files/Pods-KLADR/Pods-KLADR.debug.xcconfig"; sourceTree = "<group>"; };
		FE2A457EB6C9C0C92B740EA7 /* Pods-KLADR.release.xcconfig */ = {isa = PBXFileReference; includeInIndex = 1; lastKnownFileType = text.xcconfig; name = "Pods-KLADR.release.xcconfig"; path = "Pods/Target Support Files/Pods-KLADR/Pods-KLADR.release.xcconfig"; sourceTree = "<group>"; };
/* End PBXFileReference section */

/* Begin PBXFrameworksBuildPhase section */
		0089222A1DC9E8CA008CC7A0 /* Frameworks */ = {
			isa = PBXFrameworksBuildPhase;
			buildActionMask = 2147483647;
			files = (
				0014CCA71DCA081700FA7DB1 /* libsqlite3.tbd in Frameworks */,
				ABE5C7FEF611E48BF6DE49DC /* libPods-KLADR.a in Frameworks */,
			);
			runOnlyForDeploymentPostprocessing = 0;
		};
		0089223D1DC9E8CB008CC7A0 /* Frameworks */ = {
			isa = PBXFrameworksBuildPhase;
			buildActionMask = 2147483647;
			files = (
			);
			runOnlyForDeploymentPostprocessing = 0;
		};
		008922481DC9E8CB008CC7A0 /* Frameworks */ = {
			isa = PBXFrameworksBuildPhase;
			buildActionMask = 2147483647;
			files = (
			);
			runOnlyForDeploymentPostprocessing = 0;
		};
/* End PBXFrameworksBuildPhase section */

/* Begin PBXGroup section */
		0014CCA51DCA081700FA7DB1 /* Frameworks */ = {
			isa = PBXGroup;
			children = (
				0014CCA61DCA081700FA7DB1 /* libsqlite3.tbd */,
				2CD4AEF1D134918805F68F3B /* libPods-KLADR.a */,
			);
			name = Frameworks;
			sourceTree = "<group>";
		};
		0014CCA81DCB375700FA7DB1 /* Models */ = {
			isa = PBXGroup;
			children = (
				00566FBE1DD7198D00BAF70E /* House.h */,
				00566FBF1DD7198D00BAF70E /* House.m */,
				00566FC01DD7198D00BAF70E /* KladrModels.h */,
				00D2742C1DDB163F009A1DBA /* KladrObject+Protected.h */,
				00566FC11DD7198D00BAF70E /* KladrObject.h */,
				00566FC21DD7198D00BAF70E /* KladrObject.m */,
				00566FC31DD7198D00BAF70E /* LocationType.h */,
				00566FC41DD7198D00BAF70E /* LocationType.m */,
				00566FC51DD7198D00BAF70E /* Region.h */,
				00566FC61DD7198D00BAF70E /* Region.m */,
				00D274261DDB14E8009A1DBA /* District.h */,
				00D274271DDB14E8009A1DBA /* District.m */,
				00566FC91DD7198D00BAF70E /* Town.h */,
				00566FCA1DD7198D00BAF70E /* Town.m */,
				00566FC71DD7198D00BAF70E /* Street.h */,
				00566FC81DD7198D00BAF70E /* Street.m */,
			);
			name = Models;
			sourceTree = "<group>";
		};
		0042CD1C1DE42ED900E1ED10 /* Elements */ = {
			isa = PBXGroup;
			children = (
				0042CD201DE42F6C00E1ED10 /* AsyncKladrComboBox.h */,
				0042CD211DE42F6C00E1ED10 /* AsyncKladrComboBox.m */,
			);
			name = Elements;
			sourceTree = "<group>";
		};
		00566FBA1DD718A300BAF70E /* ORM */ = {
			isa = PBXGroup;
			children = (
				00566FBB1DD718CD00BAF70E /* KladrORM.h */,
				00566FBC1DD718CD00BAF70E /* KladrORM.m */,
			);
			name = ORM;
			path = ..;
			sourceTree = "<group>";
		};
		00566FD11DD737DE00BAF70E /* Indexer */ = {
			isa = PBXGroup;
			children = (
				00566FD21DD7384100BAF70E /* KladrIndex.h */,
				00566FD31DD7384100BAF70E /* KladrIndex.m */,
			);
			name = Indexer;
			sourceTree = "<group>";
		};
		008922241DC9E8C9008CC7A0 = {
			isa = PBXGroup;
			children = (
				00566FD51DD74ADE00BAF70E /* kladr.sqlite */,
				0089222F1DC9E8CA008CC7A0 /* KLADR */,
				008922431DC9E8CB008CC7A0 /* KLADRTests */,
				0089224E1DC9E8CB008CC7A0 /* KLADRUITests */,
				0089222E1DC9E8CA008CC7A0 /* Products */,
				0014CCA51DCA081700FA7DB1 /* Frameworks */,
				9FECF933A4F1A883190FA75D /* Pods */,
			);
			sourceTree = "<group>";
		};
		0089222E1DC9E8CA008CC7A0 /* Products */ = {
			isa = PBXGroup;
			children = (
				0089222D1DC9E8CA008CC7A0 /* KLADR.app */,
				008922401DC9E8CB008CC7A0 /* KLADRTests.xctest */,
				0089224B1DC9E8CB008CC7A0 /* KLADRUITests.xctest */,
			);
			name = Products;
			sourceTree = "<group>";
		};
		0089222F1DC9E8CA008CC7A0 /* KLADR */ = {
			isa = PBXGroup;
			children = (
				00A4049F1DDB277E00229051 /* Views */,
				00566FD11DD737DE00BAF70E /* Indexer */,
				00566FBA1DD718A300BAF70E /* ORM */,
				00501BE21DD37A040021A3C5 /* KLADR.entitlements */,
				0014CCA81DCB375700FA7DB1 /* Models */,
				008922301DC9E8CA008CC7A0 /* AppDelegate.h */,
				008922311DC9E8CA008CC7A0 /* AppDelegate.m */,
				008922361DC9E8CA008CC7A0 /* Assets.xcassets */,
				008922381DC9E8CA008CC7A0 /* MainMenu.xib */,
				0089223B1DC9E8CA008CC7A0 /* Info.plist */,
				008922331DC9E8CA008CC7A0 /* Supporting Files */,
				0089225D1DC9F0A9008CC7A0 /* MainViewController.h */,
				0089225E1DC9F0A9008CC7A0 /* MainViewController.m */,
			);
			path = KLADR;
			sourceTree = "<group>";
		};
		008922331DC9E8CA008CC7A0 /* Supporting Files */ = {
			isa = PBXGroup;
			children = (
				008922341DC9E8CA008CC7A0 /* main.m */,
			);
			name = "Supporting Files";
			sourceTree = "<group>";
		};
		008922431DC9E8CB008CC7A0 /* KLADRTests */ = {
			isa = PBXGroup;
			children = (
				008922441DC9E8CB008CC7A0 /* KLADRTests.m */,
				008922461DC9E8CB008CC7A0 /* Info.plist */,
			);
			path = KLADRTests;
			sourceTree = "<group>";
		};
		0089224E1DC9E8CB008CC7A0 /* KLADRUITests */ = {
			isa = PBXGroup;
			children = (
				0089224F1DC9E8CB008CC7A0 /* KLADRUITests.m */,
				008922511DC9E8CB008CC7A0 /* Info.plist */,
			);
			path = KLADRUITests;
			sourceTree = "<group>";
		};
		00A4049F1DDB277E00229051 /* Views */ = {
			isa = PBXGroup;
			children = (
				0042CD1C1DE42ED900E1ED10 /* Elements */,
				00A404A01DDB27BA00229051 /* KladrDataView.h */,
				00A404A11DDB27BA00229051 /* KladrDataView.m */,
				00A404A21DDB27BA00229051 /* KladrDataView.xib */,
				00FA361E1DDC66D800D47F71 /* CustomXibView.h */,
				00FA361F1DDC66D800D47F71 /* CustomXibView.m */,
			);
			name = Views;
			sourceTree = "<group>";
		};
		9FECF933A4F1A883190FA75D /* Pods */ = {
			isa = PBXGroup;
			children = (
				F92A38B1ED87CABE430CC306 /* Pods-KLADR.debug.xcconfig */,
				FE2A457EB6C9C0C92B740EA7 /* Pods-KLADR.release.xcconfig */,
			);
			name = Pods;
			sourceTree = "<group>";
		};
/* End PBXGroup section */

/* Begin PBXNativeTarget section */
		0089222C1DC9E8CA008CC7A0 /* KLADR */ = {
			isa = PBXNativeTarget;
			buildConfigurationList = 008922541DC9E8CB008CC7A0 /* Build configuration list for PBXNativeTarget "KLADR" */;
			buildPhases = (
				CB36364916AB2B24D02641F4 /* [CP] Check Pods Manifest.lock */,
				008922291DC9E8CA008CC7A0 /* Sources */,
				0089222A1DC9E8CA008CC7A0 /* Frameworks */,
				0089222B1DC9E8CA008CC7A0 /* Resources */,
				C7F6AC40877E6BEB3E0DD7BE /* [CP] Embed Pods Frameworks */,
				136E9B958AA465D40D2004AC /* [CP] Copy Pods Resources */,
			);
			buildRules = (
			);
			dependencies = (
			);
			name = KLADR;
			productName = KLADR;
			productReference = 0089222D1DC9E8CA008CC7A0 /* KLADR.app */;
			productType = "com.apple.product-type.application";
		};
		0089223F1DC9E8CB008CC7A0 /* KLADRTests */ = {
			isa = PBXNativeTarget;
			buildConfigurationList = 008922571DC9E8CB008CC7A0 /* Build configuration list for PBXNativeTarget "KLADRTests" */;
			buildPhases = (
				0089223C1DC9E8CB008CC7A0 /* Sources */,
				0089223D1DC9E8CB008CC7A0 /* Frameworks */,
				0089223E1DC9E8CB008CC7A0 /* Resources */,
			);
			buildRules = (
			);
			dependencies = (
				008922421DC9E8CB008CC7A0 /* PBXTargetDependency */,
			);
			name = KLADRTests;
			productName = KLADRTests;
			productReference = 008922401DC9E8CB008CC7A0 /* KLADRTests.xctest */;
			productType = "com.apple.product-type.bundle.unit-test";
		};
		0089224A1DC9E8CB008CC7A0 /* KLADRUITests */ = {
			isa = PBXNativeTarget;
			buildConfigurationList = 0089225A1DC9E8CB008CC7A0 /* Build configuration list for PBXNativeTarget "KLADRUITests" */;
			buildPhases = (
				008922471DC9E8CB008CC7A0 /* Sources */,
				008922481DC9E8CB008CC7A0 /* Frameworks */,
				008922491DC9E8CB008CC7A0 /* Resources */,
			);
			buildRules = (
			);
			dependencies = (
				0089224D1DC9E8CB008CC7A0 /* PBXTargetDependency */,
			);
			name = KLADRUITests;
			productName = KLADRUITests;
			productReference = 0089224B1DC9E8CB008CC7A0 /* KLADRUITests.xctest */;
			productType = "com.apple.product-type.bundle.ui-testing";
		};
/* End PBXNativeTarget section */

/* Begin PBXProject section */
		008922251DC9E8C9008CC7A0 /* Project object */ = {
			isa = PBXProject;
			attributes = {
				LastUpgradeCheck = 0800;
				ORGANIZATIONNAME = Konstantin;
				TargetAttributes = {
					0089222C1DC9E8CA008CC7A0 = {
						CreatedOnToolsVersion = 8.0;
						ProvisioningStyle = Automatic;
						SystemCapabilities = {
							com.apple.Sandbox = {
								enabled = 0;
							};
						};
					};
					0089223F1DC9E8CB008CC7A0 = {
						CreatedOnToolsVersion = 8.0;
						ProvisioningStyle = Automatic;
						TestTargetID = 0089222C1DC9E8CA008CC7A0;
					};
					0089224A1DC9E8CB008CC7A0 = {
						CreatedOnToolsVersion = 8.0;
						ProvisioningStyle = Automatic;
						TestTargetID = 0089222C1DC9E8CA008CC7A0;
					};
				};
			};
			buildConfigurationList = 008922281DC9E8C9008CC7A0 /* Build configuration list for PBXProject "KLADR" */;
			compatibilityVersion = "Xcode 3.2";
			developmentRegion = English;
			hasScannedForEncodings = 0;
			knownRegions = (
				en,
				Base,
			);
			mainGroup = 008922241DC9E8C9008CC7A0;
			productRefGroup = 0089222E1DC9E8CA008CC7A0 /* Products */;
			projectDirPath = "";
			projectRoot = "";
			targets = (
				0089222C1DC9E8CA008CC7A0 /* KLADR */,
				0089223F1DC9E8CB008CC7A0 /* KLADRTests */,
				0089224A1DC9E8CB008CC7A0 /* KLADRUITests */,
			);
		};
/* End PBXProject section */

/* Begin PBXResourcesBuildPhase section */
		0089222B1DC9E8CA008CC7A0 /* Resources */ = {
			isa = PBXResourcesBuildPhase;
			buildActionMask = 2147483647;
			files = (
				0083FDC61DD74F170069A95F /* kladr.sqlite in Resources */,
				008922371DC9E8CA008CC7A0 /* Assets.xcassets in Resources */,
				0089223A1DC9E8CA008CC7A0 /* MainMenu.xib in Resources */,
				00A404A41DDB27BA00229051 /* KladrDataView.xib in Resources */,
			);
			runOnlyForDeploymentPostprocessing = 0;
		};
		0089223E1DC9E8CB008CC7A0 /* Resources */ = {
			isa = PBXResourcesBuildPhase;
			buildActionMask = 2147483647;
			files = (
			);
			runOnlyForDeploymentPostprocessing = 0;
		};
		008922491DC9E8CB008CC7A0 /* Resources */ = {
			isa = PBXResourcesBuildPhase;
			buildActionMask = 2147483647;
			files = (
			);
			runOnlyForDeploymentPostprocessing = 0;
		};
/* End PBXResourcesBuildPhase section */

/* Begin PBXShellScriptBuildPhase section */
		136E9B958AA465D40D2004AC /* [CP] Copy Pods Resources */ = {
			isa = PBXShellScriptBuildPhase;
			buildActionMask = 2147483647;
			files = (
			);
			inputPaths = (
			);
			name = "[CP] Copy Pods Resources";
			outputPaths = (
			);
			runOnlyForDeploymentPostprocessing = 0;
			shellPath = /bin/sh;
			shellScript = "\"${SRCROOT}/Pods/Target Support Files/Pods-KLADR/Pods-KLADR-resources.sh\"\n";
			showEnvVarsInLog = 0;
		};
		C7F6AC40877E6BEB3E0DD7BE /* [CP] Embed Pods Frameworks */ = {
			isa = PBXShellScriptBuildPhase;
			buildActionMask = 2147483647;
			files = (
			);
			inputPaths = (
			);
			name = "[CP] Embed Pods Frameworks";
			outputPaths = (
			);
			runOnlyForDeploymentPostprocessing = 0;
			shellPath = /bin/sh;
			shellScript = "\"${SRCROOT}/Pods/Target Support Files/Pods-KLADR/Pods-KLADR-frameworks.sh\"\n";
			showEnvVarsInLog = 0;
		};
		CB36364916AB2B24D02641F4 /* [CP] Check Pods Manifest.lock */ = {
			isa = PBXShellScriptBuildPhase;
			buildActionMask = 2147483647;
			files = (
			);
			inputPaths = (
			);
			name = "[CP] Check Pods Manifest.lock";
			outputPaths = (
			);
			runOnlyForDeploymentPostprocessing = 0;
			shellPath = /bin/sh;
			shellScript = "diff \"${PODS_ROOT}/../Podfile.lock\" \"${PODS_ROOT}/Manifest.lock\" > /dev/null\nif [ $? != 0 ] ; then\n    # print error to STDERR\n    echo \"error: The sandbox is not in sync with the Podfile.lock. Run 'pod install' or update your CocoaPods installation.\" >&2\n    exit 1\nfi\n";
			showEnvVarsInLog = 0;
		};
/* End PBXShellScriptBuildPhase section */

/* Begin PBXSourcesBuildPhase section */
		008922291DC9E8CA008CC7A0 /* Sources */ = {
			isa = PBXSourcesBuildPhase;
			buildActionMask = 2147483647;
			files = (
				00A404A31DDB27BA00229051 /* KladrDataView.m in Sources */,
				0042CD221DE42F6C00E1ED10 /* AsyncKladrComboBox.m in Sources */,
				00566FBD1DD718CD00BAF70E /* KladrORM.m in Sources */,
				008922351DC9E8CA008CC7A0 /* main.m in Sources */,
				00FA36201DDC66D800D47F71 /* CustomXibView.m in Sources */,
				00566FCF1DD7198D00BAF70E /* Street.m in Sources */,
				00566FCC1DD7198D00BAF70E /* KladrObject.m in Sources */,
				00566FCE1DD7198D00BAF70E /* Region.m in Sources */,
				00566FD01DD7198D00BAF70E /* Town.m in Sources */,
				00566FCD1DD7198D00BAF70E /* LocationType.m in Sources */,
				00D274281DDB14E9009A1DBA /* District.m in Sources */,
				00566FCB1DD7198D00BAF70E /* House.m in Sources */,
				00566FD41DD7384100BAF70E /* KladrIndex.m in Sources */,
				0089225F1DC9F0A9008CC7A0 /* MainViewController.m in Sources */,
				008922321DC9E8CA008CC7A0 /* AppDelegate.m in Sources */,
			);
			runOnlyForDeploymentPostprocessing = 0;
		};
		0089223C1DC9E8CB008CC7A0 /* Sources */ = {
			isa = PBXSourcesBuildPhase;
			buildActionMask = 2147483647;
			files = (
				008922451DC9E8CB008CC7A0 /* KLADRTests.m in Sources */,
			);
			runOnlyForDeploymentPostprocessing = 0;
		};
		008922471DC9E8CB008CC7A0 /* Sources */ = {
			isa = PBXSourcesBuildPhase;
			buildActionMask = 2147483647;
			files = (
				008922501DC9E8CB008CC7A0 /* KLADRUITests.m in Sources */,
			);
			runOnlyForDeploymentPostprocessing = 0;
		};
/* End PBXSourcesBuildPhase section */

/* Begin PBXTargetDependency section */
		008922421DC9E8CB008CC7A0 /* PBXTargetDependency */ = {
			isa = PBXTargetDependency;
			target = 0089222C1DC9E8CA008CC7A0 /* KLADR */;
			targetProxy = 008922411DC9E8CB008CC7A0 /* PBXContainerItemProxy */;
		};
		0089224D1DC9E8CB008CC7A0 /* PBXTargetDependency */ = {
			isa = PBXTargetDependency;
			target = 0089222C1DC9E8CA008CC7A0 /* KLADR */;
			targetProxy = 0089224C1DC9E8CB008CC7A0 /* PBXContainerItemProxy */;
		};
/* End PBXTargetDependency section */

/* Begin PBXVariantGroup section */
		008922381DC9E8CA008CC7A0 /* MainMenu.xib */ = {
			isa = PBXVariantGroup;
			children = (
				008922391DC9E8CA008CC7A0 /* Base */,
			);
			name = MainMenu.xib;
			sourceTree = "<group>";
		};
/* End PBXVariantGroup section */

/* Begin XCBuildConfiguration section */
		008922521DC9E8CB008CC7A0 /* Debug */ = {
			isa = XCBuildConfiguration;
			buildSettings = {
				ALWAYS_SEARCH_USER_PATHS = NO;
				CLANG_ANALYZER_NONNULL = YES;
				CLANG_CXX_LANGUAGE_STANDARD = "gnu++0x";
				CLANG_CXX_LIBRARY = "libc++";
				CLANG_ENABLE_MODULES = YES;
				CLANG_ENABLE_OBJC_ARC = YES;
				CLANG_WARN_BOOL_CONVERSION = YES;
				CLANG_WARN_CONSTANT_CONVERSION = YES;
				CLANG_WARN_DIRECT_OBJC_ISA_USAGE = YES_ERROR;
				CLANG_WARN_DOCUMENTATION_COMMENTS = YES;
				CLANG_WARN_EMPTY_BODY = YES;
				CLANG_WARN_ENUM_CONVERSION = YES;
				CLANG_WARN_INFINITE_RECURSION = YES;
				CLANG_WARN_INT_CONVERSION = YES;
				CLANG_WARN_OBJC_ROOT_CLASS = YES_ERROR;
				CLANG_WARN_SUSPICIOUS_MOVES = YES;
				CLANG_WARN_UNREACHABLE_CODE = YES;
				CLANG_WARN__DUPLICATE_METHOD_MATCH = YES;
				CODE_SIGN_IDENTITY = "-";
				COPY_PHASE_STRIP = NO;
				DEBUG_INFORMATION_FORMAT = dwarf;
				ENABLE_STRICT_OBJC_MSGSEND = YES;
				ENABLE_TESTABILITY = YES;
				GCC_C_LANGUAGE_STANDARD = gnu99;
				GCC_DYNAMIC_NO_PIC = NO;
				GCC_NO_COMMON_BLOCKS = YES;
				GCC_OPTIMIZATION_LEVEL = 0;
				GCC_PREPROCESSOR_DEFINITIONS = (
					"DEBUG=1",
					"$(inherited)",
				);
				GCC_WARN_64_TO_32_BIT_CONVERSION = YES;
				GCC_WARN_ABOUT_RETURN_TYPE = YES_ERROR;
				GCC_WARN_UNDECLARED_SELECTOR = YES;
				GCC_WARN_UNINITIALIZED_AUTOS = YES_AGGRESSIVE;
				GCC_WARN_UNUSED_FUNCTION = YES;
				GCC_WARN_UNUSED_VARIABLE = YES;
				MACOSX_DEPLOYMENT_TARGET = 10.11;
				MTL_ENABLE_DEBUG_INFO = YES;
				ONLY_ACTIVE_ARCH = YES;
				SDKROOT = macosx;
			};
			name = Debug;
		};
		008922531DC9E8CB008CC7A0 /* Release */ = {
			isa = XCBuildConfiguration;
			buildSettings = {
				ALWAYS_SEARCH_USER_PATHS = NO;
				CLANG_ANALYZER_NONNULL = YES;
				CLANG_CXX_LANGUAGE_STANDARD = "gnu++0x";
				CLANG_CXX_LIBRARY = "libc++";
				CLANG_ENABLE_MODULES = YES;
				CLANG_ENABLE_OBJC_ARC = YES;
				CLANG_WARN_BOOL_CONVERSION = YES;
				CLANG_WARN_CONSTANT_CONVERSION = YES;
				CLANG_WARN_DIRECT_OBJC_ISA_USAGE = YES_ERROR;
				CLANG_WARN_DOCUMENTATION_COMMENTS = YES;
				CLANG_WARN_EMPTY_BODY = YES;
				CLANG_WARN_ENUM_CONVERSION = YES;
				CLANG_WARN_INFINITE_RECURSION = YES;
				CLANG_WARN_INT_CONVERSION = YES;
				CLANG_WARN_OBJC_ROOT_CLASS = YES_ERROR;
				CLANG_WARN_SUSPICIOUS_MOVES = YES;
				CLANG_WARN_UNREACHABLE_CODE = YES;
				CLANG_WARN__DUPLICATE_METHOD_MATCH = YES;
				CODE_SIGN_IDENTITY = "-";
				COPY_PHASE_STRIP = NO;
				DEBUG_INFORMATION_FORMAT = "dwarf-with-dsym";
				ENABLE_NS_ASSERTIONS = NO;
				ENABLE_STRICT_OBJC_MSGSEND = YES;
				GCC_C_LANGUAGE_STANDARD = gnu99;
				GCC_NO_COMMON_BLOCKS = YES;
				GCC_WARN_64_TO_32_BIT_CONVERSION = YES;
				GCC_WARN_ABOUT_RETURN_TYPE = YES_ERROR;
				GCC_WARN_UNDECLARED_SELECTOR = YES;
				GCC_WARN_UNINITIALIZED_AUTOS = YES_AGGRESSIVE;
				GCC_WARN_UNUSED_FUNCTION = YES;
				GCC_WARN_UNUSED_VARIABLE = YES;
				MACOSX_DEPLOYMENT_TARGET = 10.11;
				MTL_ENABLE_DEBUG_INFO = NO;
				SDKROOT = macosx;
			};
			name = Release;
		};
		008922551DC9E8CB008CC7A0 /* Debug */ = {
			isa = XCBuildConfiguration;
			baseConfigurationReference = F92A38B1ED87CABE430CC306 /* Pods-KLADR.debug.xcconfig */;
			buildSettings = {
				ASSETCATALOG_COMPILER_APPICON_NAME = AppIcon;
				CLANG_ENABLE_OBJC_ARC = YES;
				CODE_SIGN_ENTITLEMENTS = KLADR/KLADR.entitlements;
				COMBINE_HIDPI_IMAGES = YES;
				INFOPLIST_FILE = KLADR/Info.plist;
				LD_RUNPATH_SEARCH_PATHS = "$(inherited) @executable_path/../Frameworks";
				PRODUCT_BUNDLE_IDENTIFIER = some.KLADR;
				PRODUCT_NAME = "$(TARGET_NAME)";
			};
			name = Debug;
		};
		008922561DC9E8CB008CC7A0 /* Release */ = {
			isa = XCBuildConfiguration;
			baseConfigurationReference = FE2A457EB6C9C0C92B740EA7 /* Pods-KLADR.release.xcconfig */;
			buildSettings = {
				ASSETCATALOG_COMPILER_APPICON_NAME = AppIcon;
				CLANG_ENABLE_OBJC_ARC = YES;
				CODE_SIGN_ENTITLEMENTS = KLADR/KLADR.entitlements;
				COMBINE_HIDPI_IMAGES = YES;
				INFOPLIST_FILE = KLADR/Info.plist;
				LD_RUNPATH_SEARCH_PATHS = "$(inherited) @executable_path/../Frameworks";
				PRODUCT_BUNDLE_IDENTIFIER = some.KLADR;
				PRODUCT_NAME = "$(TARGET_NAME)";
			};
			name = Release;
		};
		008922581DC9E8CB008CC7A0 /* Debug */ = {
			isa = XCBuildConfiguration;
			buildSettings = {
				BUNDLE_LOADER = "$(TEST_HOST)";
				COMBINE_HIDPI_IMAGES = YES;
				INFOPLIST_FILE = KLADRTests/Info.plist;
				LD_RUNPATH_SEARCH_PATHS = "$(inherited) @executable_path/../Frameworks @loader_path/../Frameworks";
				PRODUCT_BUNDLE_IDENTIFIER = some.KLADRTests;
				PRODUCT_NAME = "$(TARGET_NAME)";
				TEST_HOST = "$(BUILT_PRODUCTS_DIR)/KLADR.app/Contents/MacOS/KLADR";
			};
			name = Debug;
		};
		008922591DC9E8CB008CC7A0 /* Release */ = {
			isa = XCBuildConfiguration;
			buildSettings = {
				BUNDLE_LOADER = "$(TEST_HOST)";
				COMBINE_HIDPI_IMAGES = YES;
				INFOPLIST_FILE = KLADRTests/Info.plist;
				LD_RUNPATH_SEARCH_PATHS = "$(inherited) @executable_path/../Frameworks @loader_path/../Frameworks";
				PRODUCT_BUNDLE_IDENTIFIER = some.KLADRTests;
				PRODUCT_NAME = "$(TARGET_NAME)";
				TEST_HOST = "$(BUILT_PRODUCTS_DIR)/KLADR.app/Contents/MacOS/KLADR";
			};
			name = Release;
		};
		0089225B1DC9E8CB008CC7A0 /* Debug */ = {
			isa = XCBuildConfiguration;
			buildSettings = {
				COMBINE_HIDPI_IMAGES = YES;
				INFOPLIST_FILE = KLADRUITests/Info.plist;
				LD_RUNPATH_SEARCH_PATHS = "$(inherited) @executable_path/../Frameworks @loader_path/../Frameworks";
				PRODUCT_BUNDLE_IDENTIFIER = some.KLADRUITests;
				PRODUCT_NAME = "$(TARGET_NAME)";
				TEST_TARGET_NAME = KLADR;
			};
			name = Debug;
		};
		0089225C1DC9E8CB008CC7A0 /* Release */ = {
			isa = XCBuildConfiguration;
			buildSettings = {
				COMBINE_HIDPI_IMAGES = YES;
				INFOPLIST_FILE = KLADRUITests/Info.plist;
				LD_RUNPATH_SEARCH_PATHS = "$(inherited) @executable_path/../Frameworks @loader_path/../Frameworks";
				PRODUCT_BUNDLE_IDENTIFIER = some.KLADRUITests;
				PRODUCT_NAME = "$(TARGET_NAME)";
				TEST_TARGET_NAME = KLADR;
			};
			name = Release;
		};
/* End XCBuildConfiguration section */

/* Begin XCConfigurationList section */
		008922281DC9E8C9008CC7A0 /* Build configuration list for PBXProject "KLADR" */ = {
			isa = XCConfigurationList;
			buildConfigurations = (
				008922521DC9E8CB008CC7A0 /* Debug */,
				008922531DC9E8CB008CC7A0 /* Release */,
			);
			defaultConfigurationIsVisible = 0;
			defaultConfigurationName = Release;
		};
		008922541DC9E8CB008CC7A0 /* Build configuration list for PBXNativeTarget "KLADR" */ = {
			isa = XCConfigurationList;
			buildConfigurations = (
				008922551DC9E8CB008CC7A0 /* Debug */,
				008922561DC9E8CB008CC7A0 /* Release */,
			);
			defaultConfigurationIsVisible = 0;
			defaultConfigurationName = Release;
		};
		008922571DC9E8CB008CC7A0 /* Build configuration list for PBXNativeTarget "KLADRTests" */ = {
			isa = XCConfigurationList;
			buildConfigurations = (
				008922581DC9E8CB008CC7A0 /* Debug */,
				008922591DC9E8CB008CC7A0 /* Release */,
			);
			defaultConfigurationIsVisible = 0;
			defaultConfigurationName = Release;
		};
		0089225A1DC9E8CB008CC7A0 /* Build configuration list for PBXNativeTarget "KLADRUITests" */ = {
			isa = XCConfigurationList;
			buildConfigurations = (
				0089225B1DC9E8CB008CC7A0 /* Debug */,
				0089225C1DC9E8CB008CC7A0 /* Release */,
			);
			defaultConfigurationIsVisible = 0;
			defaultConfigurationName = Release;
		};
/* End XCConfigurationList section */
	};
	rootObject = 008922251DC9E8C9008CC7A0 /* Project object */;
}
